
Microsoft Visual Studio Solution File, Format Version 12.00
# Visual Studio Version 17
VisualStudioVersion = 17.14.36414.22
MinimumVisualStudioVersion = 10.0.40219.1
Project("{FAE04EC0-301F-11D3-BF4B-00C04F79EFBC}") = "DoublyLinkedList.Core", "DoublyLinkedList.Core\DoublyLinkedList.Core.csproj", "{1C36322E-69E2-45BA-A87A-6216CC41DBB8}"
EndProject
Project("{FAE04EC0-301F-11D3-BF4B-00C04F79EFBC}") = "DoublyLinkedList.Console", "DoublyLinkedList.Console\DoublyLinkedList.Console.csproj", "{0A40F0A7-E260-438E-9927-4507EBEB6CF6}"
EndProject
Global
	GlobalSection(SolutionConfigurationPlatforms) = preSolution
		Debug|Any CPU = Debug|Any CPU
		Release|Any CPU = Release|Any CPU
	EndGlobalSection
	GlobalSection(ProjectConfigurationPlatforms) = postSolution
		{1C36322E-69E2-45BA-A87A-6216CC41DBB8}.Debug|Any CPU.ActiveCfg = Debug|Any CPU
		{1C36322E-69E2-45BA-A87A-6216CC41DBB8}.Debug|Any CPU.Build.0 = Debug|Any CPU
		{1C36322E-69E2-45BA-A87A-6216CC41DBB8}.Release|Any CPU.ActiveCfg = Release|Any CPU
		{1C36322E-69E2-45BA-A87A-6216CC41DBB8}.Release|Any CPU.Build.0 = Release|Any CPU
		{0A40F0A7-E260-438E-9927-4507EBEB6CF6}.Debug|Any CPU.ActiveCfg = Debug|Any CPU
		{0A40F0A7-E260-438E-9927-4507EBEB6CF6}.Debug|Any CPU.Build.0 = Debug|Any CPU
		{0A40F0A7-E260-438E-9927-4507EBEB6CF6}.Release|Any CPU.ActiveCfg = Release|Any CPU
		{0A40F0A7-E260-438E-9927-4507EBEB6CF6}.Release|Any CPU.Build.0 = Release|Any CPU
	EndGlobalSection
	GlobalSection(SolutionProperties) = preSolution
		HideSolutionNode = FALSE
	EndGlobalSection
	GlobalSection(ExtensibilityGlobals) = postSolution
		SolutionGuid = {F66CC5E7-F000-4D2B-B4F6-6DA36E34B296}
	EndGlobalSection
EndGlobal
